
Microsoft Visual Studio Solution File, Format Version 12.00
# Visual Studio Version 17
VisualStudioVersion = 17.8.34525.116
MinimumVisualStudioVersion = 10.0.40219.1
Project("{2150E333-8FDC-42A3-9474-1A3956D46DE8}") = "NTier", "NTier", "{4C62438D-10A5-4863-B05E-AB90B41F7890}"
EndProject
Project("{FAE04EC0-301F-11D3-BF4B-00C04F79EFBC}") = "IkJet-Api", "IkJet-Api\IkJet-Api.csproj", "{359BC3A4-DFFF-454D-BE10-600EB4200AEB}"
EndProject
Project("{FAE04EC0-301F-11D3-BF4B-00C04F79EFBC}") = "IkJet.BLL", "NTier\IkJet.BLL\IkJet.BLL.csproj", "{6EB20BE9-40FC-49AA-82D1-829B7D052C18}"
EndProject
Project("{FAE04EC0-301F-11D3-BF4B-00C04F79EFBC}") = "IkJet.DAL", "NTier\IkJet.DAL\IkJet.DAL.csproj", "{46259A90-6B81-48BF-B71A-342ACDDE03A2}"
EndProject
Project("{FAE04EC0-301F-11D3-BF4B-00C04F79EFBC}") = "IkJet.DTO", "NTier\IkJet.DTO\IkJet.DTO.csproj", "{1A322B6A-E3C5-49C7-8EF4-4F2974B7C842}"
EndProject
Project("{FAE04EC0-301F-11D3-BF4B-00C04F79EFBC}") = "IkJet.Entities", "NTier\IkJet.Entities\IkJet.Entities.csproj", "{81924151-9974-458C-86FD-CA2D28C94F6F}"
EndProject
Project("{FAE04EC0-301F-11D3-BF4B-00C04F79EFBC}") = "IkJet.Common", "NTier\IkJet.Common\IkJet.Common.csproj", "{C42BE8A5-0CEE-4241-AEC8-75F9C92432B1}"
EndProject
Project("{FAE04EC0-301F-11D3-BF4B-00C04F79EFBC}") = "IkJet.ViewModel", "NTier\IkJet.ViewModel\IkJet.ViewModel.csproj", "{ED17A4CC-D004-4E18-8EDC-36A032D4CB66}"
EndProject
Global
	GlobalSection(SolutionConfigurationPlatforms) = preSolution
		Debug|Any CPU = Debug|Any CPU
		Release|Any CPU = Release|Any CPU
	EndGlobalSection
	GlobalSection(ProjectConfigurationPlatforms) = postSolution
		{359BC3A4-DFFF-454D-BE10-600EB4200AEB}.Debug|Any CPU.ActiveCfg = Debug|Any CPU
		{359BC3A4-DFFF-454D-BE10-600EB4200AEB}.Debug|Any CPU.Build.0 = Debug|Any CPU
		{359BC3A4-DFFF-454D-BE10-600EB4200AEB}.Release|Any CPU.ActiveCfg = Release|Any CPU
		{359BC3A4-DFFF-454D-BE10-600EB4200AEB}.Release|Any CPU.Build.0 = Release|Any CPU
		{6EB20BE9-40FC-49AA-82D1-829B7D052C18}.Debug|Any CPU.ActiveCfg = Debug|Any CPU
		{6EB20BE9-40FC-49AA-82D1-829B7D052C18}.Debug|Any CPU.Build.0 = Debug|Any CPU
		{6EB20BE9-40FC-49AA-82D1-829B7D052C18}.Release|Any CPU.ActiveCfg = Release|Any CPU
		{6EB20BE9-40FC-49AA-82D1-829B7D052C18}.Release|Any CPU.Build.0 = Release|Any CPU
		{46259A90-6B81-48BF-B71A-342ACDDE03A2}.Debug|Any CPU.ActiveCfg = Debug|Any CPU
		{46259A90-6B81-48BF-B71A-342ACDDE03A2}.Debug|Any CPU.Build.0 = Debug|Any CPU
		{46259A90-6B81-48BF-B71A-342ACDDE03A2}.Release|Any CPU.ActiveCfg = Release|Any CPU
		{46259A90-6B81-48BF-B71A-342ACDDE03A2}.Release|Any CPU.Build.0 = Release|Any CPU
		{1A322B6A-E3C5-49C7-8EF4-4F2974B7C842}.Debug|Any CPU.ActiveCfg = Debug|Any CPU
		{1A322B6A-E3C5-49C7-8EF4-4F2974B7C842}.Debug|Any CPU.Build.0 = Debug|Any CPU
		{1A322B6A-E3C5-49C7-8EF4-4F2974B7C842}.Release|Any CPU.ActiveCfg = Release|Any CPU
		{1A322B6A-E3C5-49C7-8EF4-4F2974B7C842}.Release|Any CPU.Build.0 = Release|Any CPU
		{81924151-9974-458C-86FD-CA2D28C94F6F}.Debug|Any CPU.ActiveCfg = Debug|Any CPU
		{81924151-9974-458C-86FD-CA2D28C94F6F}.Debug|Any CPU.Build.0 = Debug|Any CPU
		{81924151-9974-458C-86FD-CA2D28C94F6F}.Release|Any CPU.ActiveCfg = Release|Any CPU
		{81924151-9974-458C-86FD-CA2D28C94F6F}.Release|Any CPU.Build.0 = Release|Any CPU
		{C42BE8A5-0CEE-4241-AEC8-75F9C92432B1}.Debug|Any CPU.ActiveCfg = Debug|Any CPU
		{C42BE8A5-0CEE-4241-AEC8-75F9C92432B1}.Debug|Any CPU.Build.0 = Debug|Any CPU
		{C42BE8A5-0CEE-4241-AEC8-75F9C92432B1}.Release|Any CPU.ActiveCfg = Release|Any CPU
		{C42BE8A5-0CEE-4241-AEC8-75F9C92432B1}.Release|Any CPU.Build.0 = Release|Any CPU
		{ED17A4CC-D004-4E18-8EDC-36A032D4CB66}.Debug|Any CPU.ActiveCfg = Debug|Any CPU
		{ED17A4CC-D004-4E18-8EDC-36A032D4CB66}.Debug|Any CPU.Build.0 = Debug|Any CPU
		{ED17A4CC-D004-4E18-8EDC-36A032D4CB66}.Release|Any CPU.ActiveCfg = Release|Any CPU
		{ED17A4CC-D004-4E18-8EDC-36A032D4CB66}.Release|Any CPU.Build.0 = Release|Any CPU
	EndGlobalSection
	GlobalSection(SolutionProperties) = preSolution
		HideSolutionNode = FALSE
	EndGlobalSection
	GlobalSection(NestedProjects) = preSolution
		{6EB20BE9-40FC-49AA-82D1-829B7D052C18} = {4C62438D-10A5-4863-B05E-AB90B41F7890}
		{46259A90-6B81-48BF-B71A-342ACDDE03A2} = {4C62438D-10A5-4863-B05E-AB90B41F7890}
		{1A322B6A-E3C5-49C7-8EF4-4F2974B7C842} = {4C62438D-10A5-4863-B05E-AB90B41F7890}
		{81924151-9974-458C-86FD-CA2D28C94F6F} = {4C62438D-10A5-4863-B05E-AB90B41F7890}
		{C42BE8A5-0CEE-4241-AEC8-75F9C92432B1} = {4C62438D-10A5-4863-B05E-AB90B41F7890}
		{ED17A4CC-D004-4E18-8EDC-36A032D4CB66} = {4C62438D-10A5-4863-B05E-AB90B41F7890}
	EndGlobalSection
	GlobalSection(ExtensibilityGlobals) = postSolution
		SolutionGuid = {94DAAD60-D5E9-4889-8B2C-CEDCCAD287BE}
	EndGlobalSection
EndGlobal
